
Microsoft Visual Studio Solution File, Format Version 12.00
# Visual Studio Version 16
VisualStudioVersion = 16.0.31129.286
MinimumVisualStudioVersion = 10.0.40219.1
Project("{9A19103F-16F7-4668-BE54-9A1E7A4F7556}") = "ArzTiServer", "ArzTiServer\ArzTiServer.csproj", "{AF3E4B84-3494-41F2-9638-88F78CBD35C8}"
EndProject
Project("{9A19103F-16F7-4668-BE54-9A1E7A4F7556}") = "ArzTiClient", "ArzTiClient\ArzTiClient.csproj", "{5D4C9F32-198B-4DAF-B543-918908DB3EA9}"
EndProject
Project("{9A19103F-16F7-4668-BE54-9A1E7A4F7556}") = "ArzTiServer.MsTest", "ArzTiServer.Tests\ArzTiServer.MsTest.csproj", "{95EE06F6-8047-4889-BBA3-64D7F951931C}"
EndProject
Project("{9A19103F-16F7-4668-BE54-9A1E7A4F7556}") = "ArzTiServer.xUnit", "ArzTiServer.xUnit\ArzTiServer.xUnit.csproj", "{70D2DFC6-305D-4290-AD0A-868EDFA28681}"
EndProject
Project("{FAE04EC0-301F-11D3-BF4B-00C04F79EFBC}") = "ArzTiServerTests", "ArzTiServerTests\ArzTiServerTests.csproj", "{EFC28F0B-90E7-4472-9120-D4998A450385}"
EndProject
Global
	GlobalSection(SolutionConfigurationPlatforms) = preSolution
		Debug|Any CPU = Debug|Any CPU
		Release|Any CPU = Release|Any CPU
	EndGlobalSection
	GlobalSection(ProjectConfigurationPlatforms) = postSolution
		{AF3E4B84-3494-41F2-9638-88F78CBD35C8}.Debug|Any CPU.ActiveCfg = Debug|Any CPU
		{AF3E4B84-3494-41F2-9638-88F78CBD35C8}.Debug|Any CPU.Build.0 = Debug|Any CPU
		{AF3E4B84-3494-41F2-9638-88F78CBD35C8}.Release|Any CPU.ActiveCfg = Release|Any CPU
		{AF3E4B84-3494-41F2-9638-88F78CBD35C8}.Release|Any CPU.Build.0 = Release|Any CPU
		{5D4C9F32-198B-4DAF-B543-918908DB3EA9}.Debug|Any CPU.ActiveCfg = Debug|Any CPU
		{5D4C9F32-198B-4DAF-B543-918908DB3EA9}.Debug|Any CPU.Build.0 = Debug|Any CPU
		{5D4C9F32-198B-4DAF-B543-918908DB3EA9}.Release|Any CPU.ActiveCfg = Release|Any CPU
		{5D4C9F32-198B-4DAF-B543-918908DB3EA9}.Release|Any CPU.Build.0 = Release|Any CPU
		{95EE06F6-8047-4889-BBA3-64D7F951931C}.Debug|Any CPU.ActiveCfg = Debug|Any CPU
		{95EE06F6-8047-4889-BBA3-64D7F951931C}.Debug|Any CPU.Build.0 = Debug|Any CPU
		{95EE06F6-8047-4889-BBA3-64D7F951931C}.Release|Any CPU.ActiveCfg = Release|Any CPU
		{95EE06F6-8047-4889-BBA3-64D7F951931C}.Release|Any CPU.Build.0 = Release|Any CPU
		{70D2DFC6-305D-4290-AD0A-868EDFA28681}.Debug|Any CPU.ActiveCfg = Debug|Any CPU
		{70D2DFC6-305D-4290-AD0A-868EDFA28681}.Debug|Any CPU.Build.0 = Debug|Any CPU
		{70D2DFC6-305D-4290-AD0A-868EDFA28681}.Release|Any CPU.ActiveCfg = Release|Any CPU
		{70D2DFC6-305D-4290-AD0A-868EDFA28681}.Release|Any CPU.Build.0 = Release|Any CPU
		{EFC28F0B-90E7-4472-9120-D4998A450385}.Debug|Any CPU.ActiveCfg = Debug|Any CPU
		{EFC28F0B-90E7-4472-9120-D4998A450385}.Debug|Any CPU.Build.0 = Debug|Any CPU
		{EFC28F0B-90E7-4472-9120-D4998A450385}.Release|Any CPU.ActiveCfg = Release|Any CPU
		{EFC28F0B-90E7-4472-9120-D4998A450385}.Release|Any CPU.Build.0 = Release|Any CPU
	EndGlobalSection
	GlobalSection(SolutionProperties) = preSolution
		HideSolutionNode = FALSE
	EndGlobalSection
	GlobalSection(ExtensibilityGlobals) = postSolution
		SolutionGuid = {F891A54B-1EF8-4D5B-96F2-931E990AE2B0}
	EndGlobalSection
EndGlobal
